
Microsoft Visual Studio Solution File, Format Version 12.00
# Visual Studio 14
VisualStudioVersion = 14.0.25123.0
MinimumVisualStudioVersion = 10.0.40219.1
Project("{FAE04EC0-301F-11D3-BF4B-00C04F79EFBC}") = "SysinternalsToolsDownloader", "SysinternalsToolsDownloader.csproj", "{36C34A49-909D-4F74-8497-1190681633DA}"
EndProject
Project("{FAE04EC0-301F-11D3-BF4B-00C04F79EFBC}") = "SysinternalsToolsDownloader.Tests", "Tests\SysinternalsToolsDownloader.Tests\SysinternalsToolsDownloader.Tests.csproj", "{44BDD3A0-783E-4878-B519-F3977388EFCC}"
EndProject
Global
	GlobalSection(SolutionConfigurationPlatforms) = preSolution
		Debug|Any CPU = Debug|Any CPU
		Release|Any CPU = Release|Any CPU
	EndGlobalSection
	GlobalSection(ProjectConfigurationPlatforms) = postSolution
		{36C34A49-909D-4F74-8497-1190681633DA}.Debug|Any CPU.ActiveCfg = Debug|Any CPU
		{36C34A49-909D-4F74-8497-1190681633DA}.Debug|Any CPU.Build.0 = Debug|Any CPU
		{36C34A49-909D-4F74-8497-1190681633DA}.Release|Any CPU.ActiveCfg = Release|Any CPU
		{36C34A49-909D-4F74-8497-1190681633DA}.Release|Any CPU.Build.0 = Release|Any CPU
		{44BDD3A0-783E-4878-B519-F3977388EFCC}.Debug|Any CPU.ActiveCfg = Debug|Any CPU
		{44BDD3A0-783E-4878-B519-F3977388EFCC}.Debug|Any CPU.Build.0 = Debug|Any CPU
		{44BDD3A0-783E-4878-B519-F3977388EFCC}.Release|Any CPU.ActiveCfg = Release|Any CPU
		{44BDD3A0-783E-4878-B519-F3977388EFCC}.Release|Any CPU.Build.0 = Release|Any CPU
	EndGlobalSection
	GlobalSection(SolutionProperties) = preSolution
		HideSolutionNode = FALSE
	EndGlobalSection
EndGlobal
